
Microsoft Visual Studio Solution File, Format Version 12.00
# Visual Studio Version 17
VisualStudioVersion = 17.7.34221.43
MinimumVisualStudioVersion = 10.0.40219.1
Project("{FAE04EC0-301F-11D3-BF4B-00C04F79EFBC}") = "VisualSortingAlgorithms", "VisualSortingAlgorithms\VisualSortingAlgorithms.csproj", "{104C4FAE-3A6E-46DB-85BF-F317B89BBDDC}"
EndProject
Global
	GlobalSection(SolutionConfigurationPlatforms) = preSolution
		Debug|Any CPU = Debug|Any CPU
		Release|Any CPU = Release|Any CPU
	EndGlobalSection
	GlobalSection(ProjectConfigurationPlatforms) = postSolution
		{104C4FAE-3A6E-46DB-85BF-F317B89BBDDC}.Debug|Any CPU.ActiveCfg = Debug|Any CPU
		{104C4FAE-3A6E-46DB-85BF-F317B89BBDDC}.Debug|Any CPU.Build.0 = Debug|Any CPU
		{104C4FAE-3A6E-46DB-85BF-F317B89BBDDC}.Release|Any CPU.ActiveCfg = Release|Any CPU
		{104C4FAE-3A6E-46DB-85BF-F317B89BBDDC}.Release|Any CPU.Build.0 = Release|Any CPU
	EndGlobalSection
	GlobalSection(SolutionProperties) = preSolution
		HideSolutionNode = FALSE
	EndGlobalSection
	GlobalSection(ExtensibilityGlobals) = postSolution
		SolutionGuid = {6B4F8D9C-785C-4EA3-AFB8-0DACF0F17E60}
	EndGlobalSection
EndGlobal
